# This file is automatically @generated by Cargo.
# It is not intended for manual editing.
version = 4

[[package]]
name = "crash"
version = "0.1.0"
dependencies = [
 "rondos-abi",
 "rondos-rt",
]

[[package]]
name = "init"
version = "0.1.0"
dependencies = [
 "rondos-abi",
 "rondos-rt",
]

[[package]]
name = "rondos-abi"
version = "0.1.0"

[[package]]
name = "rondos-rt"
version = "0.1.0"
dependencies = [
 "rondos-abi",
]

[[package]]
name = "spin"
version = "0.1.0"
dependencies = [
 "rondos-abi",
 "rondos-rt",
]
